version = 1
requires-python = ">=3.12"

[[package]]
name = "glam"
version = "0.1.0"
source = { virtual = "." }
dependencies = [
    { name = "pyteomics" },
]

[package.metadata]
requires-dist = [{ name = "pyteomics", specifier = ">=4.7.5" }]

[[package]]
name = "pyteomics"
version = "4.7.5"
source = { registry = "https://pypi.org/simple" }
sdist = { url = "https://files.pythonhosted.org/packages/1a/cd/b7eb951a99ad3ab425a2dbc6e38af076116d13ebcbe144019a2bd37dc093/pyteomics-4.7.5.tar.gz", hash = "sha256:382aeaa8b921bdd2a7e5b4aa9fe46c6184bb43701205a845b4b861ee3e88f46a", size = 236493 }
wheels = [
    { url = "https://files.pythonhosted.org/packages/92/59/2ea7637f20a0e2d082fc0cae021d20934aa49ac8154db817a1a3fa9e27b5/pyteomics-4.7.5-py2.py3-none-any.whl", hash = "sha256:9b8008ad8d8bbbc6856c4e804bc88e018df44809cd9a86900862b311e760862d", size = 238983 },
    { url = "https://files.pythonhosted.org/packages/fb/62/b5d706255739553398d3a308d92e2476d5a363ad3ca0598c51bc75cc5054/pyteomics-4.7.5-py3-none-any.whl", hash = "sha256:5155e1d2581845926e49b0abd0be8cfd6ea45ffd3511958b805347037c5934c8", size = 238978 },
]
